
Microsoft Visual Studio Solution File, Format Version 12.00
# Visual Studio 15
VisualStudioVersion = 15.0.27428.2037
MinimumVisualStudioVersion = 10.0.40219.1
Project("{8BC9CEB8-8B4A-11D0-8D11-00A0C91BC942}") = "OpenGL", "OpenGL\OpenGL.vcxproj", "{3C11CB0F-2112-4B2E-A85C-013FA9CF982C}"
	ProjectSection(ProjectDependencies) = postProject
		{8708024E-0749-491B-9265-FA1BA29D5A48} = {8708024E-0749-491B-9265-FA1BA29D5A48}
	EndProjectSection
EndProject
Project("{8BC9CEB8-8B4A-11D0-8D11-00A0C91BC942}") = "shaders", "shaders\shaders.vcxproj", "{7537897F-5AB3-40C6-B050-A2A42C62B67A}"
EndProject
Project("{8BC9CEB8-8B4A-11D0-8D11-00A0C91BC942}") = "Logger", "Logger\Log.vcxproj", "{8708024E-0749-491B-9265-FA1BA29D5A48}"
EndProject
Global
	GlobalSection(SolutionConfigurationPlatforms) = preSolution
		Debug|x64 = Debug|x64
		Debug|x86 = Debug|x86
		Release|x64 = Release|x64
		Release|x86 = Release|x86
	EndGlobalSection
	GlobalSection(ProjectConfigurationPlatforms) = postSolution
		{3C11CB0F-2112-4B2E-A85C-013FA9CF982C}.Debug|x64.ActiveCfg = Debug|x64
		{3C11CB0F-2112-4B2E-A85C-013FA9CF982C}.Debug|x64.Build.0 = Debug|x64
		{3C11CB0F-2112-4B2E-A85C-013FA9CF982C}.Debug|x86.ActiveCfg = Debug|Win32
		{3C11CB0F-2112-4B2E-A85C-013FA9CF982C}.Debug|x86.Build.0 = Debug|Win32
		{3C11CB0F-2112-4B2E-A85C-013FA9CF982C}.Release|x64.ActiveCfg = Release|x64
		{3C11CB0F-2112-4B2E-A85C-013FA9CF982C}.Release|x64.Build.0 = Release|x64
		{3C11CB0F-2112-4B2E-A85C-013FA9CF982C}.Release|x86.ActiveCfg = Release|x64
		{3C11CB0F-2112-4B2E-A85C-013FA9CF982C}.Release|x86.Build.0 = Release|x64
		{7537897F-5AB3-40C6-B050-A2A42C62B67A}.Debug|x64.ActiveCfg = Debug|x64
		{7537897F-5AB3-40C6-B050-A2A42C62B67A}.Debug|x64.Build.0 = Debug|x64
		{7537897F-5AB3-40C6-B050-A2A42C62B67A}.Debug|x86.ActiveCfg = Debug|Win32
		{7537897F-5AB3-40C6-B050-A2A42C62B67A}.Debug|x86.Build.0 = Debug|Win32
		{7537897F-5AB3-40C6-B050-A2A42C62B67A}.Release|x64.ActiveCfg = Release|x64
		{7537897F-5AB3-40C6-B050-A2A42C62B67A}.Release|x64.Build.0 = Release|x64
		{7537897F-5AB3-40C6-B050-A2A42C62B67A}.Release|x86.ActiveCfg = Release|Win32
		{7537897F-5AB3-40C6-B050-A2A42C62B67A}.Release|x86.Build.0 = Release|Win32
		{8708024E-0749-491B-9265-FA1BA29D5A48}.Debug|x64.ActiveCfg = Debug|x64
		{8708024E-0749-491B-9265-FA1BA29D5A48}.Debug|x64.Build.0 = Debug|x64
		{8708024E-0749-491B-9265-FA1BA29D5A48}.Debug|x86.ActiveCfg = Debug|Win32
		{8708024E-0749-491B-9265-FA1BA29D5A48}.Debug|x86.Build.0 = Debug|Win32
		{8708024E-0749-491B-9265-FA1BA29D5A48}.Release|x64.ActiveCfg = Release|x64
		{8708024E-0749-491B-9265-FA1BA29D5A48}.Release|x64.Build.0 = Release|x64
		{8708024E-0749-491B-9265-FA1BA29D5A48}.Release|x86.ActiveCfg = Release|Win32
		{8708024E-0749-491B-9265-FA1BA29D5A48}.Release|x86.Build.0 = Release|Win32
	EndGlobalSection
	GlobalSection(SolutionProperties) = preSolution
		HideSolutionNode = FALSE
	EndGlobalSection
	GlobalSection(ExtensibilityGlobals) = postSolution
		SolutionGuid = {97D7364A-3B24-4788-877A-5D68BE269A00}
	EndGlobalSection
EndGlobal
