<?xml version="1.0" encoding="utf-8"?>
<Project ToolsVersion="4.0" xmlns="http://schemas.microsoft.com/developer/msbuild/2003">
  <ItemGroup>
    <Filter Include="src">
      <UniqueIdentifier>{c8d93a5c-fa29-4540-bdb7-c5a4214fb847}</UniqueIdentifier>
    </Filter>
    <Filter Include="res">
      <UniqueIdentifier>{66552822-7d58-416c-8680-8075c18af6b1}</UniqueIdentifier>
    </Filter>
    <Filter Include="src\base">
      <UniqueIdentifier>{aa520511-69bd-42ad-aa7f-f89e429f7da9}</UniqueIdentifier>
    </Filter>
  </ItemGroup>
  <ItemGroup>
    <ClCompile Include="glad.c">
      <Filter>src</Filter>
    </ClCompile>
    <ClCompile Include="main.cpp" />
    <ClCompile Include="definitions\input_handler.cpp" />
    <ClCompile Include="definitions\window.cpp" />
    <ClCompile Include="definitions\gl_core\program.cpp" />
    <ClCompile Include="definitions\gl_core\shader.cpp" />
    <ClCompile Include="definitions\gl_core\buffer_objects\vao.cpp" />
    <ClCompile Include="definitions\gl_core\buffer_objects\vbo.cpp" />
    <ClCompile Include="definitions\gl_core\buffer_objects\ebo.cpp" />
    <ClCompile Include="definitions\entities\object.cpp" />
  </ItemGroup>
  <ItemGroup>
    <ClInclude Include="definitions\input_handler.h" />
    <ClInclude Include="definitions\window.h">
      <Filter>src\base</Filter>
    </ClInclude>
    <ClInclude Include="definitions\base\base.h">
      <Filter>src\base</Filter>
    </ClInclude>
    <ClInclude Include="definitions\gl_core\program.h" />
    <ClInclude Include="definitions\gl_core\shader.h" />
    <ClInclude Include="definitions\gl_core\buffer_objects\vao.h" />
    <ClInclude Include="definitions\gl_core\buffer_objects\vbo.h" />
    <ClInclude Include="definitions\gl_core\buffer_objects.h" />
    <ClInclude Include="definitions\gl_core\buffer_objects\ebo.h" />
    <ClInclude Include="definitions\entities\object.h" />
  </ItemGroup>
</Project>